// !$*UTF8*$!
{
	archiveVersion = 1;
	classes = {
	};
	objectVersion = 46;
	objects = {

/* Begin PBXBuildFile section */
		EF5F22CC1448B62800312E74 /* Facebook.m in Sources */ = {isa = PBXBuildFile; fileRef = EF5F22B11448B62800312E74 /* Facebook.m */; };
		EF5F22CD1448B62800312E74 /* FBDialog.bundle in Resources */ = {isa = PBXBuildFile; fileRef = EF5F22B41448B62800312E74 /* FBDialog.bundle */; };
		EF5F22CE1448B62800312E74 /* FBDialog.m in Sources */ = {isa = PBXBuildFile; fileRef = EF5F22B61448B62800312E74 /* FBDialog.m */; };
		EF5F22CF1448B62800312E74 /* FBLoginDialog.m in Sources */ = {isa = PBXBuildFile; fileRef = EF5F22B81448B62800312E74 /* FBLoginDialog.m */; };
		EF5F22D01448B62800312E74 /* FBRequest.m in Sources */ = {isa = PBXBuildFile; fileRef = EF5F22BA1448B62800312E74 /* FBRequest.m */; };
		EF5F22D11448B62800312E74 /* NSObject+SBJSON.m in Sources */ = {isa = PBXBuildFile; fileRef = EF5F22BE1448B62800312E74 /* NSObject+SBJSON.m */; };
		EF5F22D21448B62800312E74 /* NSString+SBJSON.m in Sources */ = {isa = PBXBuildFile; fileRef = EF5F22C01448B62800312E74 /* NSString+SBJSON.m */; };
		EF5F22D31448B62800312E74 /* SBJSON.m in Sources */ = {isa = PBXBuildFile; fileRef = EF5F22C21448B62800312E74 /* SBJSON.m */; };
		EF5F22D41448B62800312E74 /* SBJsonBase.m in Sources */ = {isa = PBXBuildFile; fileRef = EF5F22C41448B62800312E74 /* SBJsonBase.m */; };
		EF5F22D51448B62800312E74 /* SBJsonParser.m in Sources */ = {isa = PBXBuildFile; fileRef = EF5F22C61448B62800312E74 /* SBJsonParser.m */; };
		EF5F22D61448B62800312E74 /* SBJsonWriter.m in Sources */ = {isa = PBXBuildFile; fileRef = EF5F22C81448B62800312E74 /* SBJsonWriter.m */; };
		EF74A5B41448860100088E4D /* UIKit.framework in Frameworks */ = {isa = PBXBuildFile; fileRef = EF74A5B31448860100088E4D /* UIKit.framework */; };
		EF74A5B61448860100088E4D /* Foundation.framework in Frameworks */ = {isa = PBXBuildFile; fileRef = EF74A5B51448860100088E4D /* Foundation.framework */; };
		EF74A5B81448860100088E4D /* CoreData.framework in Frameworks */ = {isa = PBXBuildFile; fileRef = EF74A5B71448860100088E4D /* CoreData.framework */; };
		EF74A5BE1448860100088E4D /* InfoPlist.strings in Resources */ = {isa = PBXBuildFile; fileRef = EF74A5BC1448860100088E4D /* InfoPlist.strings */; };
		EF74A5C01448860100088E4D /* main.m in Sources */ = {isa = PBXBuildFile; fileRef = EF74A5BF1448860100088E4D /* main.m */; };
		EF74A5C41448860100088E4D /* AppDelegate.m in Sources */ = {isa = PBXBuildFile; fileRef = EF74A5C31448860100088E4D /* AppDelegate.m */; };
		EF74A5CA1448860100088E4D /* MasterViewController.m in Sources */ = {isa = PBXBuildFile; fileRef = EF74A5C91448860100088E4D /* MasterViewController.m */; };
		EF74A5CD1448860100088E4D /* DetailViewController.m in Sources */ = {isa = PBXBuildFile; fileRef = EF74A5CC1448860100088E4D /* DetailViewController.m */; };
		EF74A5D01448860100088E4D /* MasterViewController.xib in Resources */ = {isa = PBXBuildFile; fileRef = EF74A5CE1448860100088E4D /* MasterViewController.xib */; };
		EF74A5D31448860100088E4D /* DetailViewController.xib in Resources */ = {isa = PBXBuildFile; fileRef = EF74A5D11448860100088E4D /* DetailViewController.xib */; };
		EF74A5DB1448863500088E4D /* MasterViewCell.m in Sources */ = {isa = PBXBuildFile; fileRef = EF74A5DA1448863500088E4D /* MasterViewCell.m */; };
		EF74A5DD1448864700088E4D /* MasterViewCell.xib in Resources */ = {isa = PBXBuildFile; fileRef = EF74A5DC1448864700088E4D /* MasterViewCell.xib */; };
		EF74A5E514488DFA00088E4D /* CreateDareViewController.m in Sources */ = {isa = PBXBuildFile; fileRef = EF74A5E314488DFA00088E4D /* CreateDareViewController.m */; };
		EF74A5E614488DFA00088E4D /* CreateDareViewController.xib in Resources */ = {isa = PBXBuildFile; fileRef = EF74A5E414488DFA00088E4D /* CreateDareViewController.xib */; };
		EF74A5E81448905E00088E4D /* CoreLocation.framework in Frameworks */ = {isa = PBXBuildFile; fileRef = EF74A5E71448905E00088E4D /* CoreLocation.framework */; };
		EF830F381449898E002D84EB /* .gitignore in Resources */ = {isa = PBXBuildFile; fileRef = EF830F1F1449898E002D84EB /* .gitignore */; };
		EF830F391449898E002D84EB /* JSONKit.m in Sources */ = {isa = PBXBuildFile; fileRef = EF830F221449898E002D84EB /* JSONKit.m */; };
		EF830F3A1449898E002D84EB /* NSData+Base64.m in Sources */ = {isa = PBXBuildFile; fileRef = EF830F241449898E002D84EB /* NSData+Base64.m */; };
		EF830F3B1449898E002D84EB /* SFHFKeychainUtils.m in Sources */ = {isa = PBXBuildFile; fileRef = EF830F261449898E002D84EB /* SFHFKeychainUtils.m */; };
		EF830F3C1449898E002D84EB /* MKSKProduct.m in Sources */ = {isa = PBXBuildFile; fileRef = EF830F281449898E002D84EB /* MKSKProduct.m */; };
		EF830F3D1449898E002D84EB /* MKSKSubscriptionProduct.m in Sources */ = {isa = PBXBuildFile; fileRef = EF830F2A1449898E002D84EB /* MKSKSubscriptionProduct.m */; };
		EF830F3E1449898E002D84EB /* MKStoreKitConfigs.plist in Resources */ = {isa = PBXBuildFile; fileRef = EF830F2C1449898E002D84EB /* MKStoreKitConfigs.plist */; };
		EF830F3F1449898E002D84EB /* MKStoreManager.m in Sources */ = {isa = PBXBuildFile; fileRef = EF830F2E1449898E002D84EB /* MKStoreManager.m */; };
		EF830F401449898E002D84EB /* MKStoreObserver.m in Sources */ = {isa = PBXBuildFile; fileRef = EF830F301449898E002D84EB /* MKStoreObserver.m */; };
		EF830F411449898E002D84EB /* README.mdown in Resources */ = {isa = PBXBuildFile; fileRef = EF830F311449898E002D84EB /* README.mdown */; };
		EF830F421449898E002D84EB /* AddDevice.html in Resources */ = {isa = PBXBuildFile; fileRef = EF830F331449898E002D84EB /* AddDevice.html */; };
		EF830F431449898E002D84EB /* DBSetup.sql in Resources */ = {isa = PBXBuildFile; fileRef = EF830F341449898E002D84EB /* DBSetup.sql */; };
		EF830F441449898E002D84EB /* featureCheck.php in Resources */ = {isa = PBXBuildFile; fileRef = EF830F351449898E002D84EB /* featureCheck.php */; };
		EF830F451449898E002D84EB /* requestAccess.php in Resources */ = {isa = PBXBuildFile; fileRef = EF830F361449898E002D84EB /* requestAccess.php */; };
		EF830F461449898E002D84EB /* verifyProduct.php in Resources */ = {isa = PBXBuildFile; fileRef = EF830F371449898E002D84EB /* verifyProduct.php */; };
		EF830F4914498BFB002D84EB /* StoreKit.framework in Frameworks */ = {isa = PBXBuildFile; fileRef = EF830F4814498BFB002D84EB /* StoreKit.framework */; };
		EF830F4B14498C06002D84EB /* Security.framework in Frameworks */ = {isa = PBXBuildFile; fileRef = EF830F4A14498C06002D84EB /* Security.framework */; };
		EF830F5314499A4C002D84EB /* LoginViewController.m in Sources */ = {isa = PBXBuildFile; fileRef = EF830F5114499A4B002D84EB /* LoginViewController.m */; };
		EF830F5414499A4C002D84EB /* LoginViewController.xib in Resources */ = {isa = PBXBuildFile; fileRef = EF830F5214499A4B002D84EB /* LoginViewController.xib */; };
		EFA208B01449B756001947BD /* ASIAuthenticationDialog.m in Sources */ = {isa = PBXBuildFile; fileRef = EFA2085F1449B756001947BD /* ASIAuthenticationDialog.m */; };
		EFA208B11449B756001947BD /* ASIDataCompressor.m in Sources */ = {isa = PBXBuildFile; fileRef = EFA208621449B756001947BD /* ASIDataCompressor.m */; };
		EFA208B21449B756001947BD /* ASIDataDecompressor.m in Sources */ = {isa = PBXBuildFile; fileRef = EFA208641449B756001947BD /* ASIDataDecompressor.m */; };
		EFA208B31449B756001947BD /* ASIDownloadCache.m in Sources */ = {isa = PBXBuildFile; fileRef = EFA208661449B756001947BD /* ASIDownloadCache.m */; };
		EFA208B41449B756001947BD /* ASIFormDataRequest.m in Sources */ = {isa = PBXBuildFile; fileRef = EFA208681449B756001947BD /* ASIFormDataRequest.m */; };
		EFA208B51449B756001947BD /* ASIHTTPRequest.m in Sources */ = {isa = PBXBuildFile; fileRef = EFA2086A1449B756001947BD /* ASIHTTPRequest.m */; };
		EFA208B61449B756001947BD /* ASIInputStream.m in Sources */ = {isa = PBXBuildFile; fileRef = EFA2086E1449B756001947BD /* ASIInputStream.m */; };
		EFA208B71449B756001947BD /* ASINetworkQueue.m in Sources */ = {isa = PBXBuildFile; fileRef = EFA208701449B756001947BD /* ASINetworkQueue.m */; };
		EFA208B81449B756001947BD /* ASIWebPageRequest.m in Sources */ = {isa = PBXBuildFile; fileRef = EFA208741449B756001947BD /* ASIWebPageRequest.m */; };
		EFA208B91449B756001947BD /* ASICloudFilesCDNRequest.m in Sources */ = {isa = PBXBuildFile; fileRef = EFA208771449B756001947BD /* ASICloudFilesCDNRequest.m */; };
		EFA208BA1449B756001947BD /* ASICloudFilesContainer.m in Sources */ = {isa = PBXBuildFile; fileRef = EFA208791449B756001947BD /* ASICloudFilesContainer.m */; };
		EFA208BB1449B756001947BD /* ASICloudFilesContainerRequest.m in Sources */ = {isa = PBXBuildFile; fileRef = EFA2087B1449B756001947BD /* ASICloudFilesContainerRequest.m */; };
		EFA208BC1449B756001947BD /* ASICloudFilesContainerXMLParserDelegate.m in Sources */ = {isa = PBXBuildFile; fileRef = EFA2087D1449B756001947BD /* ASICloudFilesContainerXMLParserDelegate.m */; };
		EFA208BD1449B756001947BD /* ASICloudFilesObject.m in Sources */ = {isa = PBXBuildFile; fileRef = EFA2087F1449B756001947BD /* ASICloudFilesObject.m */; };
		EFA208BE1449B756001947BD /* ASICloudFilesObjectRequest.m in Sources */ = {isa = PBXBuildFile; fileRef = EFA208811449B756001947BD /* ASICloudFilesObjectRequest.m */; };
		EFA208BF1449B756001947BD /* ASICloudFilesRequest.m in Sources */ = {isa = PBXBuildFile; fileRef = EFA208831449B756001947BD /* ASICloudFilesRequest.m */; };
		EFA208C01449B756001947BD /* ASIS3Bucket.m in Sources */ = {isa = PBXBuildFile; fileRef = EFA208871449B756001947BD /* ASIS3Bucket.m */; };
		EFA208C11449B756001947BD /* ASIS3BucketObject.m in Sources */ = {isa = PBXBuildFile; fileRef = EFA208891449B756001947BD /* ASIS3BucketObject.m */; };
		EFA208C21449B756001947BD /* ASIS3BucketRequest.m in Sources */ = {isa = PBXBuildFile; fileRef = EFA2088B1449B756001947BD /* ASIS3BucketRequest.m */; };
		EFA208C31449B756001947BD /* ASIS3ObjectRequest.m in Sources */ = {isa = PBXBuildFile; fileRef = EFA2088D1449B756001947BD /* ASIS3ObjectRequest.m */; };
		EFA208C41449B756001947BD /* ASIS3Request.m in Sources */ = {isa = PBXBuildFile; fileRef = EFA2088F1449B756001947BD /* ASIS3Request.m */; };
		EFA208C51449B756001947BD /* ASIS3ServiceRequest.m in Sources */ = {isa = PBXBuildFile; fileRef = EFA208911449B756001947BD /* ASIS3ServiceRequest.m */; };
		EFA208D71449B7B2001947BD /* CFNetwork.framework in Frameworks */ = {isa = PBXBuildFile; fileRef = EFA208D61449B7B2001947BD /* CFNetwork.framework */; };
		EFA208D91449B7C1001947BD /* SystemConfiguration.framework in Frameworks */ = {isa = PBXBuildFile; fileRef = EFA208D81449B7C1001947BD /* SystemConfiguration.framework */; };
		EFA208DB1449B7CE001947BD /* MobileCoreServices.framework in Frameworks */ = {isa = PBXBuildFile; fileRef = EFA208DA1449B7CE001947BD /* MobileCoreServices.framework */; };
		EFA208DD1449B7F1001947BD /* libz.dylib in Frameworks */ = {isa = PBXBuildFile; fileRef = EFA208DC1449B7F1001947BD /* libz.dylib */; };
		EFA208E11449B92F001947BD /* Reachability.m in Sources */ = {isa = PBXBuildFile; fileRef = EFA208E01449B92F001947BD /* Reachability.m */; };
		EFA208E51449B9BB001947BD /* libxml2.dylib in Frameworks */ = {isa = PBXBuildFile; fileRef = EFA208E41449B9BB001947BD /* libxml2.dylib */; };
		EFA208E81449BA13001947BD /* README-GHUnit in Resources */ = {isa = PBXBuildFile; fileRef = EFA208E71449BA13001947BD /* README-GHUnit */; };
		EFA208EB1449C717001947BD /* bg.png in Resources */ = {isa = PBXBuildFile; fileRef = EFA208E91449C717001947BD /* bg.png */; };
		EFA208EC1449C717001947BD /* default.png in Resources */ = {isa = PBXBuildFile; fileRef = EFA208EA1449C717001947BD /* default.png */; };
		EFA208F31449C87E001947BD /* NavBarCategory.m in Sources */ = {isa = PBXBuildFile; fileRef = EFA208F21449C87D001947BD /* NavBarCategory.m */; };
		EFA208F51449C886001947BD /* nav.png in Resources */ = {isa = PBXBuildFile; fileRef = EFA208F41449C886001947BD /* nav.png */; };
		EFA208F81449CF58001947BD /* login.png in Resources */ = {isa = PBXBuildFile; fileRef = EFA208F61449CF57001947BD /* login.png */; };
		EFA208F91449CF58001947BD /* create.png in Resources */ = {isa = PBXBuildFile; fileRef = EFA208F71449CF58001947BD /* create.png */; };
		EFA4E85E1448B72800F5FCAA /* CoreGraphics.framework in Frameworks */ = {isa = PBXBuildFile; fileRef = EFA4E85D1448B72800F5FCAA /* CoreGraphics.framework */; };
		EFA4E86E1448BC5800F5FCAA /* EGORefreshTableHeaderView.m in Sources */ = {isa = PBXBuildFile; fileRef = EFA4E8641448BC5800F5FCAA /* EGORefreshTableHeaderView.m */; };
		EFA4E86F1448BC5800F5FCAA /* blackArrow.png in Resources */ = {isa = PBXBuildFile; fileRef = EFA4E8661448BC5800F5FCAA /* blackArrow.png */; };
		EFA4E8701448BC5800F5FCAA /* blackArrow@2x.png in Resources */ = {isa = PBXBuildFile; fileRef = EFA4E8671448BC5800F5FCAA /* blackArrow@2x.png */; };
		EFA4E8711448BC5800F5FCAA /* blueArrow.png in Resources */ = {isa = PBXBuildFile; fileRef = EFA4E8681448BC5800F5FCAA /* blueArrow.png */; };
		EFA4E8721448BC5800F5FCAA /* blueArrow@2x.png in Resources */ = {isa = PBXBuildFile; fileRef = EFA4E8691448BC5800F5FCAA /* blueArrow@2x.png */; };
		EFA4E8731448BC5800F5FCAA /* grayArrow.png in Resources */ = {isa = PBXBuildFile; fileRef = EFA4E86A1448BC5800F5FCAA /* grayArrow.png */; };
		EFA4E8741448BC5800F5FCAA /* grayArrow@2x.png in Resources */ = {isa = PBXBuildFile; fileRef = EFA4E86B1448BC5800F5FCAA /* grayArrow@2x.png */; };
		EFA4E8751448BC5800F5FCAA /* whiteArrow.png in Resources */ = {isa = PBXBuildFile; fileRef = EFA4E86C1448BC5800F5FCAA /* whiteArrow.png */; };
		EFA4E8761448BC5800F5FCAA /* whiteArrow@2x.png in Resources */ = {isa = PBXBuildFile; fileRef = EFA4E86D1448BC5800F5FCAA /* whiteArrow@2x.png */; };
		EFA4E87C1448BDA300F5FCAA /* QuartzCore.framework in Frameworks */ = {isa = PBXBuildFile; fileRef = EFA4E87B1448BDA300F5FCAA /* QuartzCore.framework */; };
/* End PBXBuildFile section */

/* Begin PBXFileReference section */
		EF5F22B01448B62800312E74 /* Facebook.h */ = {isa = PBXFileReference; fileEncoding = 4; lastKnownFileType = sourcecode.c.h; path = Facebook.h; sourceTree = "<group>"; };
		EF5F22B11448B62800312E74 /* Facebook.m */ = {isa = PBXFileReference; fileEncoding = 4; lastKnownFileType = sourcecode.c.objc; path = Facebook.m; sourceTree = "<group>"; };
		EF5F22B21448B62800312E74 /* facebook_ios_sdk_Prefix.pch */ = {isa = PBXFileReference; fileEncoding = 4; lastKnownFileType = sourcecode.c.h; path = facebook_ios_sdk_Prefix.pch; sourceTree = "<group>"; };
		EF5F22B31448B62800312E74 /* FBConnect.h */ = {isa = PBXFileReference; fileEncoding = 4; lastKnownFileType = sourcecode.c.h; path = FBConnect.h; sourceTree = "<group>"; };
		EF5F22B41448B62800312E74 /* FBDialog.bundle */ = {isa = PBXFileReference; lastKnownFileType = "wrapper.plug-in"; path = FBDialog.bundle; sourceTree = "<group>"; };
		EF5F22B51448B62800312E74 /* FBDialog.h */ = {isa = PBXFileReference; fileEncoding = 4; lastKnownFileType = sourcecode.c.h; path = FBDialog.h; sourceTree = "<group>"; };
		EF5F22B61448B62800312E74 /* FBDialog.m */ = {isa = PBXFileReference; fileEncoding = 4; lastKnownFileType = sourcecode.c.objc; path = FBDialog.m; sourceTree = "<group>"; };
		EF5F22B71448B62800312E74 /* FBLoginDialog.h */ = {isa = PBXFileReference; fileEncoding = 4; lastKnownFileType = sourcecode.c.h; path = FBLoginDialog.h; sourceTree = "<group>"; };
		EF5F22B81448B62800312E74 /* FBLoginDialog.m */ = {isa = PBXFileReference; fileEncoding = 4; lastKnownFileType = sourcecode.c.objc; path = FBLoginDialog.m; sourceTree = "<group>"; };
		EF5F22B91448B62800312E74 /* FBRequest.h */ = {isa = PBXFileReference; fileEncoding = 4; lastKnownFileType = sourcecode.c.h; path = FBRequest.h; sourceTree = "<group>"; };
		EF5F22BA1448B62800312E74 /* FBRequest.m */ = {isa = PBXFileReference; fileEncoding = 4; lastKnownFileType = sourcecode.c.objc; path = FBRequest.m; sourceTree = "<group>"; };
		EF5F22BC1448B62800312E74 /* JSON.h */ = {isa = PBXFileReference; fileEncoding = 4; lastKnownFileType = sourcecode.c.h; path = JSON.h; sourceTree = "<group>"; };
		EF5F22BD1448B62800312E74 /* NSObject+SBJSON.h */ = {isa = PBXFileReference; fileEncoding = 4; lastKnownFileType = sourcecode.c.h; path = "NSObject+SBJSON.h"; sourceTree = "<group>"; };
		EF5F22BE1448B62800312E74 /* NSObject+SBJSON.m */ = {isa = PBXFileReference; fileEncoding = 4; lastKnownFileType = sourcecode.c.objc; path = "NSObject+SBJSON.m"; sourceTree = "<group>"; };
		EF5F22BF1448B62800312E74 /* NSString+SBJSON.h */ = {isa = PBXFileReference; fileEncoding = 4; lastKnownFileType = sourcecode.c.h; path = "NSString+SBJSON.h"; sourceTree = "<group>"; };
		EF5F22C01448B62800312E74 /* NSString+SBJSON.m */ = {isa = PBXFileReference; fileEncoding = 4; lastKnownFileType = sourcecode.c.objc; path = "NSString+SBJSON.m"; sourceTree = "<group>"; };
		EF5F22C11448B62800312E74 /* SBJSON.h */ = {isa = PBXFileReference; fileEncoding = 4; lastKnownFileType = sourcecode.c.h; path = SBJSON.h; sourceTree = "<group>"; };
		EF5F22C21448B62800312E74 /* SBJSON.m */ = {isa = PBXFileReference; fileEncoding = 4; lastKnownFileType = sourcecode.c.objc; path = SBJSON.m; sourceTree = "<group>"; };
		EF5F22C31448B62800312E74 /* SBJsonBase.h */ = {isa = PBXFileReference; fileEncoding = 4; lastKnownFileType = sourcecode.c.h; path = SBJsonBase.h; sourceTree = "<group>"; };
		EF5F22C41448B62800312E74 /* SBJsonBase.m */ = {isa = PBXFileReference; fileEncoding = 4; lastKnownFileType = sourcecode.c.objc; path = SBJsonBase.m; sourceTree = "<group>"; };
		EF5F22C51448B62800312E74 /* SBJsonParser.h */ = {isa = PBXFileReference; fileEncoding = 4; lastKnownFileType = sourcecode.c.h; path = SBJsonParser.h; sourceTree = "<group>"; };
		EF5F22C61448B62800312E74 /* SBJsonParser.m */ = {isa = PBXFileReference; fileEncoding = 4; lastKnownFileType = sourcecode.c.objc; path = SBJsonParser.m; sourceTree = "<group>"; };
		EF5F22C71448B62800312E74 /* SBJsonWriter.h */ = {isa = PBXFileReference; fileEncoding = 4; lastKnownFileType = sourcecode.c.h; path = SBJsonWriter.h; sourceTree = "<group>"; };
		EF5F22C81448B62800312E74 /* SBJsonWriter.m */ = {isa = PBXFileReference; fileEncoding = 4; lastKnownFileType = sourcecode.c.objc; path = SBJsonWriter.m; sourceTree = "<group>"; };
		EF74A5AF1448860100088E4D /* iDare.app */ = {isa = PBXFileReference; explicitFileType = wrapper.application; includeInIndex = 0; path = iDare.app; sourceTree = BUILT_PRODUCTS_DIR; };
		EF74A5B31448860100088E4D /* UIKit.framework */ = {isa = PBXFileReference; lastKnownFileType = wrapper.framework; name = UIKit.framework; path = System/Library/Frameworks/UIKit.framework; sourceTree = SDKROOT; };
		EF74A5B51448860100088E4D /* Foundation.framework */ = {isa = PBXFileReference; lastKnownFileType = wrapper.framework; name = Foundation.framework; path = System/Library/Frameworks/Foundation.framework; sourceTree = SDKROOT; };
		EF74A5B71448860100088E4D /* CoreData.framework */ = {isa = PBXFileReference; lastKnownFileType = wrapper.framework; name = CoreData.framework; path = System/Library/Frameworks/CoreData.framework; sourceTree = SDKROOT; };
		EF74A5BB1448860100088E4D /* iDare-Info.plist */ = {isa = PBXFileReference; lastKnownFileType = text.plist.xml; path = "iDare-Info.plist"; sourceTree = "<group>"; };
		EF74A5BD1448860100088E4D /* en */ = {isa = PBXFileReference; lastKnownFileType = text.plist.strings; name = en; path = en.lproj/InfoPlist.strings; sourceTree = "<group>"; };
		EF74A5BF1448860100088E4D /* main.m */ = {isa = PBXFileReference; lastKnownFileType = sourcecode.c.objc; path = main.m; sourceTree = "<group>"; };
		EF74A5C11448860100088E4D /* iDare-Prefix.pch */ = {isa = PBXFileReference; lastKnownFileType = sourcecode.c.h; path = "iDare-Prefix.pch"; sourceTree = "<group>"; };
		EF74A5C21448860100088E4D /* AppDelegate.h */ = {isa = PBXFileReference; lastKnownFileType = sourcecode.c.h; path = AppDelegate.h; sourceTree = "<group>"; };
		EF74A5C31448860100088E4D /* AppDelegate.m */ = {isa = PBXFileReference; lastKnownFileType = sourcecode.c.objc; path = AppDelegate.m; sourceTree = "<group>"; };
		EF74A5C81448860100088E4D /* MasterViewController.h */ = {isa = PBXFileReference; lastKnownFileType = sourcecode.c.h; path = MasterViewController.h; sourceTree = "<group>"; };
		EF74A5C91448860100088E4D /* MasterViewController.m */ = {isa = PBXFileReference; lastKnownFileType = sourcecode.c.objc; path = MasterViewController.m; sourceTree = "<group>"; };
		EF74A5CB1448860100088E4D /* DetailViewController.h */ = {isa = PBXFileReference; lastKnownFileType = sourcecode.c.h; path = DetailViewController.h; sourceTree = "<group>"; };
		EF74A5CC1448860100088E4D /* DetailViewController.m */ = {isa = PBXFileReference; lastKnownFileType = sourcecode.c.objc; path = DetailViewController.m; sourceTree = "<group>"; };
		EF74A5CF1448860100088E4D /* en */ = {isa = PBXFileReference; lastKnownFileType = file.xib; name = en; path = en.lproj/MasterViewController.xib; sourceTree = "<group>"; };
		EF74A5D21448860100088E4D /* en */ = {isa = PBXFileReference; lastKnownFileType = file.xib; name = en; path = en.lproj/DetailViewController.xib; sourceTree = "<group>"; };
		EF74A5D91448863500088E4D /* MasterViewCell.h */ = {isa = PBXFileReference; fileEncoding = 4; lastKnownFileType = sourcecode.c.h; path = MasterViewCell.h; sourceTree = "<group>"; };
		EF74A5DA1448863500088E4D /* MasterViewCell.m */ = {isa = PBXFileReference; fileEncoding = 4; lastKnownFileType = sourcecode.c.objc; path = MasterViewCell.m; sourceTree = "<group>"; };
		EF74A5DC1448864700088E4D /* MasterViewCell.xib */ = {isa = PBXFileReference; fileEncoding = 4; lastKnownFileType = file.xib; path = MasterViewCell.xib; sourceTree = "<group>"; };
		EF74A5E214488DFA00088E4D /* CreateDareViewController.h */ = {isa = PBXFileReference; fileEncoding = 4; lastKnownFileType = sourcecode.c.h; path = CreateDareViewController.h; sourceTree = "<group>"; };
		EF74A5E314488DFA00088E4D /* CreateDareViewController.m */ = {isa = PBXFileReference; fileEncoding = 4; lastKnownFileType = sourcecode.c.objc; path = CreateDareViewController.m; sourceTree = "<group>"; };
		EF74A5E414488DFA00088E4D /* CreateDareViewController.xib */ = {isa = PBXFileReference; fileEncoding = 4; lastKnownFileType = file.xib; path = CreateDareViewController.xib; sourceTree = "<group>"; };
		EF74A5E71448905E00088E4D /* CoreLocation.framework */ = {isa = PBXFileReference; lastKnownFileType = wrapper.framework; name = CoreLocation.framework; path = System/Library/Frameworks/CoreLocation.framework; sourceTree = SDKROOT; };
		EF830F1F1449898E002D84EB /* .gitignore */ = {isa = PBXFileReference; fileEncoding = 4; lastKnownFileType = text; path = .gitignore; sourceTree = "<group>"; };
		EF830F211449898E002D84EB /* JSONKit.h */ = {isa = PBXFileReference; fileEncoding = 4; lastKnownFileType = sourcecode.c.h; path = JSONKit.h; sourceTree = "<group>"; };
		EF830F221449898E002D84EB /* JSONKit.m */ = {isa = PBXFileReference; fileEncoding = 4; lastKnownFileType = sourcecode.c.objc; path = JSONKit.m; sourceTree = "<group>"; };
		EF830F231449898E002D84EB /* NSData+Base64.h */ = {isa = PBXFileReference; fileEncoding = 4; lastKnownFileType = sourcecode.c.h; path = "NSData+Base64.h"; sourceTree = "<group>"; };
		EF830F241449898E002D84EB /* NSData+Base64.m */ = {isa = PBXFileReference; fileEncoding = 4; lastKnownFileType = sourcecode.c.objc; path = "NSData+Base64.m"; sourceTree = "<group>"; };
		EF830F251449898E002D84EB /* SFHFKeychainUtils.h */ = {isa = PBXFileReference; fileEncoding = 4; lastKnownFileType = sourcecode.c.h; path = SFHFKeychainUtils.h; sourceTree = "<group>"; };
		EF830F261449898E002D84EB /* SFHFKeychainUtils.m */ = {isa = PBXFileReference; fileEncoding = 4; lastKnownFileType = sourcecode.c.objc; path = SFHFKeychainUtils.m; sourceTree = "<group>"; };
		EF830F271449898E002D84EB /* MKSKProduct.h */ = {isa = PBXFileReference; fileEncoding = 4; lastKnownFileType = sourcecode.c.h; path = MKSKProduct.h; sourceTree = "<group>"; };
		EF830F281449898E002D84EB /* MKSKProduct.m */ = {isa = PBXFileReference; fileEncoding = 4; lastKnownFileType = sourcecode.c.objc; path = MKSKProduct.m; sourceTree = "<group>"; };
		EF830F291449898E002D84EB /* MKSKSubscriptionProduct.h */ = {isa = PBXFileReference; fileEncoding = 4; lastKnownFileType = sourcecode.c.h; path = MKSKSubscriptionProduct.h; sourceTree = "<group>"; };
		EF830F2A1449898E002D84EB /* MKSKSubscriptionProduct.m */ = {isa = PBXFileReference; fileEncoding = 4; lastKnownFileType = sourcecode.c.objc; path = MKSKSubscriptionProduct.m; sourceTree = "<group>"; };
		EF830F2B1449898E002D84EB /* MKStoreKitConfigs.h */ = {isa = PBXFileReference; fileEncoding = 4; lastKnownFileType = sourcecode.c.h; path = MKStoreKitConfigs.h; sourceTree = "<group>"; };
		EF830F2C1449898E002D84EB /* MKStoreKitConfigs.plist */ = {isa = PBXFileReference; fileEncoding = 4; lastKnownFileType = text.plist.xml; path = MKStoreKitConfigs.plist; sourceTree = "<group>"; };
		EF830F2D1449898E002D84EB /* MKStoreManager.h */ = {isa = PBXFileReference; fileEncoding = 4; lastKnownFileType = sourcecode.c.h; path = MKStoreManager.h; sourceTree = "<group>"; };
		EF830F2E1449898E002D84EB /* MKStoreManager.m */ = {isa = PBXFileReference; fileEncoding = 4; lastKnownFileType = sourcecode.c.objc; path = MKStoreManager.m; sourceTree = "<group>"; };
		EF830F2F1449898E002D84EB /* MKStoreObserver.h */ = {isa = PBXFileReference; fileEncoding = 4; lastKnownFileType = sourcecode.c.h; path = MKStoreObserver.h; sourceTree = "<group>"; };
		EF830F301449898E002D84EB /* MKStoreObserver.m */ = {isa = PBXFileReference; fileEncoding = 4; lastKnownFileType = sourcecode.c.objc; path = MKStoreObserver.m; sourceTree = "<group>"; };
		EF830F311449898E002D84EB /* README.mdown */ = {isa = PBXFileReference; fileEncoding = 4; lastKnownFileType = text; path = README.mdown; sourceTree = "<group>"; };
		EF830F331449898E002D84EB /* AddDevice.html */ = {isa = PBXFileReference; fileEncoding = 4; lastKnownFileType = text.html; path = AddDevice.html; sourceTree = "<group>"; };
		EF830F341449898E002D84EB /* DBSetup.sql */ = {isa = PBXFileReference; fileEncoding = 4; lastKnownFileType = text; path = DBSetup.sql; sourceTree = "<group>"; };
		EF830F351449898E002D84EB /* featureCheck.php */ = {isa = PBXFileReference; fileEncoding = 4; lastKnownFileType = text.script.php; path = featureCheck.php; sourceTree = "<group>"; };
		EF830F361449898E002D84EB /* requestAccess.php */ = {isa = PBXFileReference; fileEncoding = 4; lastKnownFileType = text.script.php; path = requestAccess.php; sourceTree = "<group>"; };
		EF830F371449898E002D84EB /* verifyProduct.php */ = {isa = PBXFileReference; fileEncoding = 4; lastKnownFileType = text.script.php; path = verifyProduct.php; sourceTree = "<group>"; };
		EF830F4814498BFB002D84EB /* StoreKit.framework */ = {isa = PBXFileReference; lastKnownFileType = wrapper.framework; name = StoreKit.framework; path = System/Library/Frameworks/StoreKit.framework; sourceTree = SDKROOT; };
		EF830F4A14498C06002D84EB /* Security.framework */ = {isa = PBXFileReference; lastKnownFileType = wrapper.framework; name = Security.framework; path = System/Library/Frameworks/Security.framework; sourceTree = SDKROOT; };
		EF830F5014499A4B002D84EB /* LoginViewController.h */ = {isa = PBXFileReference; fileEncoding = 4; lastKnownFileType = sourcecode.c.h; path = LoginViewController.h; sourceTree = "<group>"; };
		EF830F5114499A4B002D84EB /* LoginViewController.m */ = {isa = PBXFileReference; fileEncoding = 4; lastKnownFileType = sourcecode.c.objc; path = LoginViewController.m; sourceTree = "<group>"; };
		EF830F5214499A4B002D84EB /* LoginViewController.xib */ = {isa = PBXFileReference; fileEncoding = 4; lastKnownFileType = file.xib; path = LoginViewController.xib; sourceTree = "<group>"; };
		EFA2085E1449B756001947BD /* ASIAuthenticationDialog.h */ = {isa = PBXFileReference; fileEncoding = 4; lastKnownFileType = sourcecode.c.h; path = ASIAuthenticationDialog.h; sourceTree = "<group>"; };
		EFA2085F1449B756001947BD /* ASIAuthenticationDialog.m */ = {isa = PBXFileReference; fileEncoding = 4; lastKnownFileType = sourcecode.c.objc; path = ASIAuthenticationDialog.m; sourceTree = "<group>"; };
		EFA208601449B756001947BD /* ASICacheDelegate.h */ = {isa = PBXFileReference; fileEncoding = 4; lastKnownFileType = sourcecode.c.h; path = ASICacheDelegate.h; sourceTree = "<group>"; };
		EFA208611449B756001947BD /* ASIDataCompressor.h */ = {isa = PBXFileReference; fileEncoding = 4; lastKnownFileType = sourcecode.c.h; path = ASIDataCompressor.h; sourceTree = "<group>"; };
		EFA208621449B756001947BD /* ASIDataCompressor.m */ = {isa = PBXFileReference; fileEncoding = 4; lastKnownFileType = sourcecode.c.objc; path = ASIDataCompressor.m; sourceTree = "<group>"; };
		EFA208631449B756001947BD /* ASIDataDecompressor.h */ = {isa = PBXFileReference; fileEncoding = 4; lastKnownFileType = sourcecode.c.h; path = ASIDataDecompressor.h; sourceTree = "<group>"; };
		EFA208641449B756001947BD /* ASIDataDecompressor.m */ = {isa = PBXFileReference; fileEncoding = 4; lastKnownFileType = sourcecode.c.objc; path = ASIDataDecompressor.m; sourceTree = "<group>"; };
		EFA208651449B756001947BD /* ASIDownloadCache.h */ = {isa = PBXFileReference; fileEncoding = 4; lastKnownFileType = sourcecode.c.h; path = ASIDownloadCache.h; sourceTree = "<group>"; };
		EFA208661449B756001947BD /* ASIDownloadCache.m */ = {isa = PBXFileReference; fileEncoding = 4; lastKnownFileType = sourcecode.c.objc; path = ASIDownloadCache.m; sourceTree = "<group>"; };
		EFA208671449B756001947BD /* ASIFormDataRequest.h */ = {isa = PBXFileReference; fileEncoding = 4; lastKnownFileType = sourcecode.c.h; path = ASIFormDataRequest.h; sourceTree = "<group>"; };
		EFA208681449B756001947BD /* ASIFormDataRequest.m */ = {isa = PBXFileReference; fileEncoding = 4; lastKnownFileType = sourcecode.c.objc; path = ASIFormDataRequest.m; sourceTree = "<group>"; };
		EFA208691449B756001947BD /* ASIHTTPRequest.h */ = {isa = PBXFileReference; fileEncoding = 4; lastKnownFileType = sourcecode.c.h; path = ASIHTTPRequest.h; sourceTree = "<group>"; };
		EFA2086A1449B756001947BD /* ASIHTTPRequest.m */ = {isa = PBXFileReference; fileEncoding = 4; lastKnownFileType = sourcecode.c.objc; path = ASIHTTPRequest.m; sourceTree = "<group>"; };
		EFA2086B1449B756001947BD /* ASIHTTPRequestConfig.h */ = {isa = PBXFileReference; fileEncoding = 4; lastKnownFileType = sourcecode.c.h; path = ASIHTTPRequestConfig.h; sourceTree = "<group>"; };
		EFA2086C1449B756001947BD /* ASIHTTPRequestDelegate.h */ = {isa = PBXFileReference; fileEncoding = 4; lastKnownFileType = sourcecode.c.h; path = ASIHTTPRequestDelegate.h; sourceTree = "<group>"; };
		EFA2086D1449B756001947BD /* ASIInputStream.h */ = {isa = PBXFileReference; fileEncoding = 4; lastKnownFileType = sourcecode.c.h; path = ASIInputStream.h; sourceTree = "<group>"; };
		EFA2086E1449B756001947BD /* ASIInputStream.m */ = {isa = PBXFileReference; fileEncoding = 4; lastKnownFileType = sourcecode.c.objc; path = ASIInputStream.m; sourceTree = "<group>"; };
		EFA2086F1449B756001947BD /* ASINetworkQueue.h */ = {isa = PBXFileReference; fileEncoding = 4; lastKnownFileType = sourcecode.c.h; path = ASINetworkQueue.h; sourceTree = "<group>"; };
		EFA208701449B756001947BD /* ASINetworkQueue.m */ = {isa = PBXFileReference; fileEncoding = 4; lastKnownFileType = sourcecode.c.objc; path = ASINetworkQueue.m; sourceTree = "<group>"; };
		EFA208711449B756001947BD /* ASIProgressDelegate.h */ = {isa = PBXFileReference; fileEncoding = 4; lastKnownFileType = sourcecode.c.h; path = ASIProgressDelegate.h; sourceTree = "<group>"; };
		EFA208731449B756001947BD /* ASIWebPageRequest.h */ = {isa = PBXFileReference; fileEncoding = 4; lastKnownFileType = sourcecode.c.h; path = ASIWebPageRequest.h; sourceTree = "<group>"; };
		EFA208741449B756001947BD /* ASIWebPageRequest.m */ = {isa = PBXFileReference; fileEncoding = 4; lastKnownFileType = sourcecode.c.objc; path = ASIWebPageRequest.m; sourceTree = "<group>"; };
		EFA208761449B756001947BD /* ASICloudFilesCDNRequest.h */ = {isa = PBXFileReference; fileEncoding = 4; lastKnownFileType = sourcecode.c.h; path = ASICloudFilesCDNRequest.h; sourceTree = "<group>"; };
		EFA208771449B756001947BD /* ASICloudFilesCDNRequest.m */ = {isa = PBXFileReference; fileEncoding = 4; lastKnownFileType = sourcecode.c.objc; path = ASICloudFilesCDNRequest.m; sourceTree = "<group>"; };
		EFA208781449B756001947BD /* ASICloudFilesContainer.h */ = {isa = PBXFileReference; fileEncoding = 4; lastKnownFileType = sourcecode.c.h; path = ASICloudFilesContainer.h; sourceTree = "<group>"; };
		EFA208791449B756001947BD /* ASICloudFilesContainer.m */ = {isa = PBXFileReference; fileEncoding = 4; lastKnownFileType = sourcecode.c.objc; path = ASICloudFilesContainer.m; sourceTree = "<group>"; };
		EFA2087A1449B756001947BD /* ASICloudFilesContainerRequest.h */ = {isa = PBXFileReference; fileEncoding = 4; lastKnownFileType = sourcecode.c.h; path = ASICloudFilesContainerRequest.h; sourceTree = "<group>"; };
		EFA2087B1449B756001947BD /* ASICloudFilesContainerRequest.m */ = {isa = PBXFileReference; fileEncoding = 4; lastKnownFileType = sourcecode.c.objc; path = ASICloudFilesContainerRequest.m; sourceTree = "<group>"; };
		EFA2087C1449B756001947BD /* ASICloudFilesContainerXMLParserDelegate.h */ = {isa = PBXFileReference; fileEncoding = 4; lastKnownFileType = sourcecode.c.h; path = ASICloudFilesContainerXMLParserDelegate.h; sourceTree = "<group>"; };
		EFA2087D1449B756001947BD /* ASICloudFilesContainerXMLParserDelegate.m */ = {isa = PBXFileReference; fileEncoding = 4; lastKnownFileType = sourcecode.c.objc; path = ASICloudFilesContainerXMLParserDelegate.m; sourceTree = "<group>"; };
		EFA2087E1449B756001947BD /* ASICloudFilesObject.h */ = {isa = PBXFileReference; fileEncoding = 4; lastKnownFileType = sourcecode.c.h; path = ASICloudFilesObject.h; sourceTree = "<group>"; };
		EFA2087F1449B756001947BD /* ASICloudFilesObject.m */ = {isa = PBXFileReference; fileEncoding = 4; lastKnownFileType = sourcecode.c.objc; path = ASICloudFilesObject.m; sourceTree = "<group>"; };
		EFA208801449B756001947BD /* ASICloudFilesObjectRequest.h */ = {isa = PBXFileReference; fileEncoding = 4; lastKnownFileType = sourcecode.c.h; path = ASICloudFilesObjectRequest.h; sourceTree = "<group>"; };
		EFA208811449B756001947BD /* ASICloudFilesObjectRequest.m */ = {isa = PBXFileReference; fileEncoding = 4; lastKnownFileType = sourcecode.c.objc; path = ASICloudFilesObjectRequest.m; sourceTree = "<group>"; };
		EFA208821449B756001947BD /* ASICloudFilesRequest.h */ = {isa = PBXFileReference; fileEncoding = 4; lastKnownFileType = sourcecode.c.h; path = ASICloudFilesRequest.h; sourceTree = "<group>"; };
		EFA208831449B756001947BD /* ASICloudFilesRequest.m */ = {isa = PBXFileReference; fileEncoding = 4; lastKnownFileType = sourcecode.c.objc; path = ASICloudFilesRequest.m; sourceTree = "<group>"; };
		EFA208851449B756001947BD /* ASINSXMLParserCompat.h */ = {isa = PBXFileReference; fileEncoding = 4; lastKnownFileType = sourcecode.c.h; path = ASINSXMLParserCompat.h; sourceTree = "<group>"; };
		EFA208861449B756001947BD /* ASIS3Bucket.h */ = {isa = PBXFileReference; fileEncoding = 4; lastKnownFileType = sourcecode.c.h; path = ASIS3Bucket.h; sourceTree = "<group>"; };
		EFA208871449B756001947BD /* ASIS3Bucket.m */ = {isa = PBXFileReference; fileEncoding = 4; lastKnownFileType = sourcecode.c.objc; path = ASIS3Bucket.m; sourceTree = "<group>"; };
		EFA208881449B756001947BD /* ASIS3BucketObject.h */ = {isa = PBXFileReference; fileEncoding = 4; lastKnownFileType = sourcecode.c.h; path = ASIS3BucketObject.h; sourceTree = "<group>"; };
		EFA208891449B756001947BD /* ASIS3BucketObject.m */ = {isa = PBXFileReference; fileEncoding = 4; lastKnownFileType = sourcecode.c.objc; path = ASIS3BucketObject.m; sourceTree = "<group>"; };
		EFA2088A1449B756001947BD /* ASIS3BucketRequest.h */ = {isa = PBXFileReference; fileEncoding = 4; lastKnownFileType = sourcecode.c.h; path = ASIS3BucketRequest.h; sourceTree = "<group>"; };
		EFA2088B1449B756001947BD /* ASIS3BucketRequest.m */ = {isa = PBXFileReference; fileEncoding = 4; lastKnownFileType = sourcecode.c.objc; path = ASIS3BucketRequest.m; sourceTree = "<group>"; };
		EFA2088C1449B756001947BD /* ASIS3ObjectRequest.h */ = {isa = PBXFileReference; fileEncoding = 4; lastKnownFileType = sourcecode.c.h; path = ASIS3ObjectRequest.h; sourceTree = "<group>"; };
		EFA2088D1449B756001947BD /* ASIS3ObjectRequest.m */ = {isa = PBXFileReference; fileEncoding = 4; lastKnownFileType = sourcecode.c.objc; path = ASIS3ObjectRequest.m; sourceTree = "<group>"; };
		EFA2088E1449B756001947BD /* ASIS3Request.h */ = {isa = PBXFileReference; fileEncoding = 4; lastKnownFileType = sourcecode.c.h; path = ASIS3Request.h; sourceTree = "<group>"; };
		EFA2088F1449B756001947BD /* ASIS3Request.m */ = {isa = PBXFileReference; fileEncoding = 4; lastKnownFileType = sourcecode.c.objc; path = ASIS3Request.m; sourceTree = "<group>"; };
		EFA208901449B756001947BD /* ASIS3ServiceRequest.h */ = {isa = PBXFileReference; fileEncoding = 4; lastKnownFileType = sourcecode.c.h; path = ASIS3ServiceRequest.h; sourceTree = "<group>"; };
		EFA208911449B756001947BD /* ASIS3ServiceRequest.m */ = {isa = PBXFileReference; fileEncoding = 4; lastKnownFileType = sourcecode.c.objc; path = ASIS3ServiceRequest.m; sourceTree = "<group>"; };
		EFA208D61449B7B2001947BD /* CFNetwork.framework */ = {isa = PBXFileReference; lastKnownFileType = wrapper.framework; name = CFNetwork.framework; path = System/Library/Frameworks/CFNetwork.framework; sourceTree = SDKROOT; };
		EFA208D81449B7C1001947BD /* SystemConfiguration.framework */ = {isa = PBXFileReference; lastKnownFileType = wrapper.framework; name = SystemConfiguration.framework; path = System/Library/Frameworks/SystemConfiguration.framework; sourceTree = SDKROOT; };
		EFA208DA1449B7CE001947BD /* MobileCoreServices.framework */ = {isa = PBXFileReference; lastKnownFileType = wrapper.framework; name = MobileCoreServices.framework; path = System/Library/Frameworks/MobileCoreServices.framework; sourceTree = SDKROOT; };
		EFA208DC1449B7F1001947BD /* libz.dylib */ = {isa = PBXFileReference; lastKnownFileType = "compiled.mach-o.dylib"; name = libz.dylib; path = usr/lib/libz.dylib; sourceTree = SDKROOT; };
		EFA208DF1449B92F001947BD /* Reachability.h */ = {isa = PBXFileReference; fileEncoding = 4; lastKnownFileType = sourcecode.c.h; path = Reachability.h; sourceTree = "<group>"; };
		EFA208E01449B92F001947BD /* Reachability.m */ = {isa = PBXFileReference; fileEncoding = 4; lastKnownFileType = sourcecode.c.objc; path = Reachability.m; sourceTree = "<group>"; };
		EFA208E41449B9BB001947BD /* libxml2.dylib */ = {isa = PBXFileReference; lastKnownFileType = "compiled.mach-o.dylib"; name = libxml2.dylib; path = usr/lib/libxml2.dylib; sourceTree = SDKROOT; };
		EFA208E71449BA13001947BD /* README-GHUnit */ = {isa = PBXFileReference; fileEncoding = 4; lastKnownFileType = text; path = "README-GHUnit"; sourceTree = "<group>"; };
		EFA208E91449C717001947BD /* bg.png */ = {isa = PBXFileReference; lastKnownFileType = image.png; path = bg.png; sourceTree = SOURCE_ROOT; };
		EFA208EA1449C717001947BD /* default.png */ = {isa = PBXFileReference; lastKnownFileType = image.png; path = default.png; sourceTree = SOURCE_ROOT; };
		EFA208F11449C87D001947BD /* NavBarCategory.h */ = {isa = PBXFileReference; fileEncoding = 4; lastKnownFileType = sourcecode.c.h; path = NavBarCategory.h; sourceTree = "<group>"; };
		EFA208F21449C87D001947BD /* NavBarCategory.m */ = {isa = PBXFileReference; fileEncoding = 4; lastKnownFileType = sourcecode.c.objc; path = NavBarCategory.m; sourceTree = "<group>"; };
		EFA208F41449C886001947BD /* nav.png */ = {isa = PBXFileReference; lastKnownFileType = image.png; path = nav.png; sourceTree = "<group>"; };
		EFA208F61449CF57001947BD /* login.png */ = {isa = PBXFileReference; lastKnownFileType = image.png; path = login.png; sourceTree = "<group>"; };
		EFA208F71449CF58001947BD /* create.png */ = {isa = PBXFileReference; lastKnownFileType = image.png; path = create.png; sourceTree = "<group>"; };
		EFA4E85D1448B72800F5FCAA /* CoreGraphics.framework */ = {isa = PBXFileReference; lastKnownFileType = wrapper.framework; name = CoreGraphics.framework; path = System/Library/Frameworks/CoreGraphics.framework; sourceTree = SDKROOT; };
		EFA4E8631448BC5800F5FCAA /* EGORefreshTableHeaderView.h */ = {isa = PBXFileReference; fileEncoding = 4; lastKnownFileType = sourcecode.c.h; path = EGORefreshTableHeaderView.h; sourceTree = "<group>"; };
		EFA4E8641448BC5800F5FCAA /* EGORefreshTableHeaderView.m */ = {isa = PBXFileReference; fileEncoding = 4; lastKnownFileType = sourcecode.c.objc; path = EGORefreshTableHeaderView.m; sourceTree = "<group>"; };
		EFA4E8661448BC5800F5FCAA /* blackArrow.png */ = {isa = PBXFileReference; lastKnownFileType = image.png; path = blackArrow.png; sourceTree = "<group>"; };
		EFA4E8671448BC5800F5FCAA /* blackArrow@2x.png */ = {isa = PBXFileReference; lastKnownFileType = image.png; path = "blackArrow@2x.png"; sourceTree = "<group>"; };
		EFA4E8681448BC5800F5FCAA /* blueArrow.png */ = {isa = PBXFileReference; lastKnownFileType = image.png; path = blueArrow.png; sourceTree = "<group>"; };
		EFA4E8691448BC5800F5FCAA /* blueArrow@2x.png */ = {isa = PBXFileReference; lastKnownFileType = image.png; path = "blueArrow@2x.png"; sourceTree = "<group>"; };
		EFA4E86A1448BC5800F5FCAA /* grayArrow.png */ = {isa = PBXFileReference; lastKnownFileType = image.png; path = grayArrow.png; sourceTree = "<group>"; };
		EFA4E86B1448BC5800F5FCAA /* grayArrow@2x.png */ = {isa = PBXFileReference; lastKnownFileType = image.png; path = "grayArrow@2x.png"; sourceTree = "<group>"; };
		EFA4E86C1448BC5800F5FCAA /* whiteArrow.png */ = {isa = PBXFileReference; lastKnownFileType = image.png; path = whiteArrow.png; sourceTree = "<group>"; };
		EFA4E86D1448BC5800F5FCAA /* whiteArrow@2x.png */ = {isa = PBXFileReference; lastKnownFileType = image.png; path = "whiteArrow@2x.png"; sourceTree = "<group>"; };
		EFA4E87B1448BDA300F5FCAA /* QuartzCore.framework */ = {isa = PBXFileReference; lastKnownFileType = wrapper.framework; name = QuartzCore.framework; path = System/Library/Frameworks/QuartzCore.framework; sourceTree = SDKROOT; };
/* End PBXFileReference section */

/* Begin PBXFrameworksBuildPhase section */
		EF74A5AC1448860100088E4D /* Frameworks */ = {
			isa = PBXFrameworksBuildPhase;
			buildActionMask = 2147483647;
			files = (
				EFA208E51449B9BB001947BD /* libxml2.dylib in Frameworks */,
				EFA208DD1449B7F1001947BD /* libz.dylib in Frameworks */,
				EFA4E85E1448B72800F5FCAA /* CoreGraphics.framework in Frameworks */,
				EFA208DB1449B7CE001947BD /* MobileCoreServices.framework in Frameworks */,
				EFA208D91449B7C1001947BD /* SystemConfiguration.framework in Frameworks */,
				EFA208D71449B7B2001947BD /* CFNetwork.framework in Frameworks */,
				EF830F4B14498C06002D84EB /* Security.framework in Frameworks */,
				EF830F4914498BFB002D84EB /* StoreKit.framework in Frameworks */,
				EFA4E87C1448BDA300F5FCAA /* QuartzCore.framework in Frameworks */,
				EF74A5E81448905E00088E4D /* CoreLocation.framework in Frameworks */,
				EF74A5B41448860100088E4D /* UIKit.framework in Frameworks */,
				EF74A5B61448860100088E4D /* Foundation.framework in Frameworks */,
				EF74A5B81448860100088E4D /* CoreData.framework in Frameworks */,
			);
			runOnlyForDeploymentPostprocessing = 0;
		};
/* End PBXFrameworksBuildPhase section */

/* Begin PBXGroup section */
		EF5F22AC1448B62800312E74 /* src */ = {
			isa = PBXGroup;
			children = (
				EF5F22B01448B62800312E74 /* Facebook.h */,
				EF5F22B11448B62800312E74 /* Facebook.m */,
				EF5F22B21448B62800312E74 /* facebook_ios_sdk_Prefix.pch */,
				EF5F22B31448B62800312E74 /* FBConnect.h */,
				EF5F22B41448B62800312E74 /* FBDialog.bundle */,
				EF5F22B51448B62800312E74 /* FBDialog.h */,
				EF5F22B61448B62800312E74 /* FBDialog.m */,
				EF5F22B71448B62800312E74 /* FBLoginDialog.h */,
				EF5F22B81448B62800312E74 /* FBLoginDialog.m */,
				EF5F22B91448B62800312E74 /* FBRequest.h */,
				EF5F22BA1448B62800312E74 /* FBRequest.m */,
				EF5F22BB1448B62800312E74 /* JSON */,
			);
			name = src;
			path = "facebook-ios-sdk/src";
			sourceTree = SOURCE_ROOT;
		};
		EF5F22BB1448B62800312E74 /* JSON */ = {
			isa = PBXGroup;
			children = (
				EF5F22BC1448B62800312E74 /* JSON.h */,
				EF5F22BD1448B62800312E74 /* NSObject+SBJSON.h */,
				EF5F22BE1448B62800312E74 /* NSObject+SBJSON.m */,
				EF5F22BF1448B62800312E74 /* NSString+SBJSON.h */,
				EF5F22C01448B62800312E74 /* NSString+SBJSON.m */,
				EF5F22C11448B62800312E74 /* SBJSON.h */,
				EF5F22C21448B62800312E74 /* SBJSON.m */,
				EF5F22C31448B62800312E74 /* SBJsonBase.h */,
				EF5F22C41448B62800312E74 /* SBJsonBase.m */,
				EF5F22C51448B62800312E74 /* SBJsonParser.h */,
				EF5F22C61448B62800312E74 /* SBJsonParser.m */,
				EF5F22C71448B62800312E74 /* SBJsonWriter.h */,
				EF5F22C81448B62800312E74 /* SBJsonWriter.m */,
			);
			path = JSON;
			sourceTree = "<group>";
		};
		EF74A5A41448860100088E4D = {
			isa = PBXGroup;
			children = (
				EFA208E61449BA13001947BD /* GHUnit */,
				EFA208E41449B9BB001947BD /* libxml2.dylib */,
				EFA208DE1449B92F001947BD /* Reachability */,
				EFA208DC1449B7F1001947BD /* libz.dylib */,
				EFA208DA1449B7CE001947BD /* MobileCoreServices.framework */,
				EFA208D81449B7C1001947BD /* SystemConfiguration.framework */,
				EFA208D61449B7B2001947BD /* CFNetwork.framework */,
				EFA2085D1449B756001947BD /* ASI */,
				EF830F4A14498C06002D84EB /* Security.framework */,
				EF830F4814498BFB002D84EB /* StoreKit.framework */,
				EFA4E87B1448BDA300F5FCAA /* QuartzCore.framework */,
				EFA4E8601448BC5800F5FCAA /* EGOTableViewPullRefresh */,
				EFA4E85D1448B72800F5FCAA /* CoreGraphics.framework */,
				EF74A5E71448905E00088E4D /* CoreLocation.framework */,
				EF74A5B91448860100088E4D /* iDare */,
				EF74A5B21448860100088E4D /* Frameworks */,
				EF74A5B01448860100088E4D /* Products */,
			);
			sourceTree = "<group>";
		};
		EF74A5B01448860100088E4D /* Products */ = {
			isa = PBXGroup;
			children = (
				EF74A5AF1448860100088E4D /* iDare.app */,
			);
			name = Products;
			sourceTree = "<group>";
		};
		EF74A5B21448860100088E4D /* Frameworks */ = {
			isa = PBXGroup;
			children = (
				EF74A5B31448860100088E4D /* UIKit.framework */,
				EF74A5B51448860100088E4D /* Foundation.framework */,
				EF74A5B71448860100088E4D /* CoreData.framework */,
			);
			name = Frameworks;
			sourceTree = "<group>";
		};
		EF74A5B91448860100088E4D /* iDare */ = {
			isa = PBXGroup;
			children = (
				EF830F1E1449898E002D84EB /* MKStoreKit */,
				EF5F22AC1448B62800312E74 /* src */,
				EF74A5C21448860100088E4D /* AppDelegate.h */,
				EF74A5C31448860100088E4D /* AppDelegate.m */,
				EF830F5014499A4B002D84EB /* LoginViewController.h */,
				EF830F5114499A4B002D84EB /* LoginViewController.m */,
				EF830F5214499A4B002D84EB /* LoginViewController.xib */,
				EFA208F41449C886001947BD /* nav.png */,
				EFA208E91449C717001947BD /* bg.png */,
				EFA208EA1449C717001947BD /* default.png */,
				EFA208F11449C87D001947BD /* NavBarCategory.h */,
				EFA208F61449CF57001947BD /* login.png */,
				EFA208F71449CF58001947BD /* create.png */,
				EFA208F21449C87D001947BD /* NavBarCategory.m */,
				EF74A5C81448860100088E4D /* MasterViewController.h */,
				EF74A5C91448860100088E4D /* MasterViewController.m */,
				EF74A5CE1448860100088E4D /* MasterViewController.xib */,
				EF74A5CB1448860100088E4D /* DetailViewController.h */,
				EF74A5CC1448860100088E4D /* DetailViewController.m */,
				EF74A5D11448860100088E4D /* DetailViewController.xib */,
				EF74A5D91448863500088E4D /* MasterViewCell.h */,
				EF74A5DA1448863500088E4D /* MasterViewCell.m */,
				EF74A5DC1448864700088E4D /* MasterViewCell.xib */,
				EF74A5E214488DFA00088E4D /* CreateDareViewController.h */,
				EF74A5E314488DFA00088E4D /* CreateDareViewController.m */,
				EF74A5E414488DFA00088E4D /* CreateDareViewController.xib */,
				EF74A5BA1448860100088E4D /* Supporting Files */,
			);
			path = iDare;
			sourceTree = "<group>";
		};
		EF74A5BA1448860100088E4D /* Supporting Files */ = {
			isa = PBXGroup;
			children = (
				EF74A5BB1448860100088E4D /* iDare-Info.plist */,
				EF74A5BC1448860100088E4D /* InfoPlist.strings */,
				EF74A5BF1448860100088E4D /* main.m */,
				EF74A5C11448860100088E4D /* iDare-Prefix.pch */,
			);
			name = "Supporting Files";
			sourceTree = "<group>";
		};
		EF830F1E1449898E002D84EB /* MKStoreKit */ = {
			isa = PBXGroup;
			children = (
				EF830F1F1449898E002D84EB /* .gitignore */,
				EF830F201449898E002D84EB /* Externals */,
				EF830F271449898E002D84EB /* MKSKProduct.h */,
				EF830F281449898E002D84EB /* MKSKProduct.m */,
				EF830F291449898E002D84EB /* MKSKSubscriptionProduct.h */,
				EF830F2A1449898E002D84EB /* MKSKSubscriptionProduct.m */,
				EF830F2B1449898E002D84EB /* MKStoreKitConfigs.h */,
				EF830F2C1449898E002D84EB /* MKStoreKitConfigs.plist */,
				EF830F2D1449898E002D84EB /* MKStoreManager.h */,
				EF830F2E1449898E002D84EB /* MKStoreManager.m */,
				EF830F2F1449898E002D84EB /* MKStoreObserver.h */,
				EF830F301449898E002D84EB /* MKStoreObserver.m */,
				EF830F311449898E002D84EB /* README.mdown */,
				EF830F321449898E002D84EB /* Server Code */,
			);
			path = MKStoreKit;
			sourceTree = SOURCE_ROOT;
		};
		EF830F201449898E002D84EB /* Externals */ = {
			isa = PBXGroup;
			children = (
				EF830F211449898E002D84EB /* JSONKit.h */,
				EF830F221449898E002D84EB /* JSONKit.m */,
				EF830F231449898E002D84EB /* NSData+Base64.h */,
				EF830F241449898E002D84EB /* NSData+Base64.m */,
				EF830F251449898E002D84EB /* SFHFKeychainUtils.h */,
				EF830F261449898E002D84EB /* SFHFKeychainUtils.m */,
			);
			path = Externals;
			sourceTree = "<group>";
		};
		EF830F321449898E002D84EB /* Server Code */ = {
			isa = PBXGroup;
			children = (
				EF830F331449898E002D84EB /* AddDevice.html */,
				EF830F341449898E002D84EB /* DBSetup.sql */,
				EF830F351449898E002D84EB /* featureCheck.php */,
				EF830F361449898E002D84EB /* requestAccess.php */,
				EF830F371449898E002D84EB /* verifyProduct.php */,
			);
			path = "Server Code";
			sourceTree = "<group>";
		};
		EFA2085D1449B756001947BD /* ASI */ = {
			isa = PBXGroup;
			children = (
				EFA2085E1449B756001947BD /* ASIAuthenticationDialog.h */,
				EFA2085F1449B756001947BD /* ASIAuthenticationDialog.m */,
				EFA208601449B756001947BD /* ASICacheDelegate.h */,
				EFA208611449B756001947BD /* ASIDataCompressor.h */,
				EFA208621449B756001947BD /* ASIDataCompressor.m */,
				EFA208631449B756001947BD /* ASIDataDecompressor.h */,
				EFA208641449B756001947BD /* ASIDataDecompressor.m */,
				EFA208651449B756001947BD /* ASIDownloadCache.h */,
				EFA208661449B756001947BD /* ASIDownloadCache.m */,
				EFA208671449B756001947BD /* ASIFormDataRequest.h */,
				EFA208681449B756001947BD /* ASIFormDataRequest.m */,
				EFA208691449B756001947BD /* ASIHTTPRequest.h */,
				EFA2086A1449B756001947BD /* ASIHTTPRequest.m */,
				EFA2086B1449B756001947BD /* ASIHTTPRequestConfig.h */,
				EFA2086C1449B756001947BD /* ASIHTTPRequestDelegate.h */,
				EFA2086D1449B756001947BD /* ASIInputStream.h */,
				EFA2086E1449B756001947BD /* ASIInputStream.m */,
				EFA2086F1449B756001947BD /* ASINetworkQueue.h */,
				EFA208701449B756001947BD /* ASINetworkQueue.m */,
				EFA208711449B756001947BD /* ASIProgressDelegate.h */,
				EFA208721449B756001947BD /* ASIWebPageRequest */,
				EFA208751449B756001947BD /* CloudFiles */,
				EFA208841449B756001947BD /* S3 */,
			);
			name = ASI;
			path = "asi-http-request/Classes";
			sourceTree = "<group>";
		};
		EFA208721449B756001947BD /* ASIWebPageRequest */ = {
			isa = PBXGroup;
			children = (
				EFA208731449B756001947BD /* ASIWebPageRequest.h */,
				EFA208741449B756001947BD /* ASIWebPageRequest.m */,
			);
			path = ASIWebPageRequest;
			sourceTree = "<group>";
		};
		EFA208751449B756001947BD /* CloudFiles */ = {
			isa = PBXGroup;
			children = (
				EFA208761449B756001947BD /* ASICloudFilesCDNRequest.h */,
				EFA208771449B756001947BD /* ASICloudFilesCDNRequest.m */,
				EFA208781449B756001947BD /* ASICloudFilesContainer.h */,
				EFA208791449B756001947BD /* ASICloudFilesContainer.m */,
				EFA2087A1449B756001947BD /* ASICloudFilesContainerRequest.h */,
				EFA2087B1449B756001947BD /* ASICloudFilesContainerRequest.m */,
				EFA2087C1449B756001947BD /* ASICloudFilesContainerXMLParserDelegate.h */,
				EFA2087D1449B756001947BD /* ASICloudFilesContainerXMLParserDelegate.m */,
				EFA2087E1449B756001947BD /* ASICloudFilesObject.h */,
				EFA2087F1449B756001947BD /* ASICloudFilesObject.m */,
				EFA208801449B756001947BD /* ASICloudFilesObjectRequest.h */,
				EFA208811449B756001947BD /* ASICloudFilesObjectRequest.m */,
				EFA208821449B756001947BD /* ASICloudFilesRequest.h */,
				EFA208831449B756001947BD /* ASICloudFilesRequest.m */,
			);
			path = CloudFiles;
			sourceTree = "<group>";
		};
		EFA208841449B756001947BD /* S3 */ = {
			isa = PBXGroup;
			children = (
				EFA208851449B756001947BD /* ASINSXMLParserCompat.h */,
				EFA208861449B756001947BD /* ASIS3Bucket.h */,
				EFA208871449B756001947BD /* ASIS3Bucket.m */,
				EFA208881449B756001947BD /* ASIS3BucketObject.h */,
				EFA208891449B756001947BD /* ASIS3BucketObject.m */,
				EFA2088A1449B756001947BD /* ASIS3BucketRequest.h */,
				EFA2088B1449B756001947BD /* ASIS3BucketRequest.m */,
				EFA2088C1449B756001947BD /* ASIS3ObjectRequest.h */,
				EFA2088D1449B756001947BD /* ASIS3ObjectRequest.m */,
				EFA2088E1449B756001947BD /* ASIS3Request.h */,
				EFA2088F1449B756001947BD /* ASIS3Request.m */,
				EFA208901449B756001947BD /* ASIS3ServiceRequest.h */,
				EFA208911449B756001947BD /* ASIS3ServiceRequest.m */,
			);
			path = S3;
			sourceTree = "<group>";
		};
		EFA208DE1449B92F001947BD /* Reachability */ = {
			isa = PBXGroup;
			children = (
				EFA208DF1449B92F001947BD /* Reachability.h */,
				EFA208E01449B92F001947BD /* Reachability.m */,
			);
			name = Reachability;
			path = "asi-http-request/External/Reachability";
			sourceTree = "<group>";
		};
		EFA208E61449BA13001947BD /* GHUnit */ = {
			isa = PBXGroup;
			children = (
				EFA208E71449BA13001947BD /* README-GHUnit */,
			);
			name = GHUnit;
			path = "asi-http-request/External/GHUnit";
			sourceTree = "<group>";
		};
		EFA4E8601448BC5800F5FCAA /* EGOTableViewPullRefresh */ = {
			isa = PBXGroup;
			children = (
				EFA4E8611448BC5800F5FCAA /* Classes */,
				EFA4E8651448BC5800F5FCAA /* Resources */,
			);
			path = EGOTableViewPullRefresh;
			sourceTree = "<group>";
		};
		EFA4E8611448BC5800F5FCAA /* Classes */ = {
			isa = PBXGroup;
			children = (
				EFA4E8621448BC5800F5FCAA /* View */,
			);
			path = Classes;
			sourceTree = "<group>";
		};
		EFA4E8621448BC5800F5FCAA /* View */ = {
			isa = PBXGroup;
			children = (
				EFA4E8631448BC5800F5FCAA /* EGORefreshTableHeaderView.h */,
				EFA4E8641448BC5800F5FCAA /* EGORefreshTableHeaderView.m */,
			);
			path = View;
			sourceTree = "<group>";
		};
		EFA4E8651448BC5800F5FCAA /* Resources */ = {
			isa = PBXGroup;
			children = (
				EFA4E8661448BC5800F5FCAA /* blackArrow.png */,
				EFA4E8671448BC5800F5FCAA /* blackArrow@2x.png */,
				EFA4E8681448BC5800F5FCAA /* blueArrow.png */,
				EFA4E8691448BC5800F5FCAA /* blueArrow@2x.png */,
				EFA4E86A1448BC5800F5FCAA /* grayArrow.png */,
				EFA4E86B1448BC5800F5FCAA /* grayArrow@2x.png */,
				EFA4E86C1448BC5800F5FCAA /* whiteArrow.png */,
				EFA4E86D1448BC5800F5FCAA /* whiteArrow@2x.png */,
			);
			path = Resources;
			sourceTree = "<group>";
		};
/* End PBXGroup section */

/* Begin PBXNativeTarget section */
		EF74A5AE1448860100088E4D /* iDare */ = {
			isa = PBXNativeTarget;
			buildConfigurationList = EF74A5D61448860100088E4D /* Build configuration list for PBXNativeTarget "iDare" */;
			buildPhases = (
				EF74A5AB1448860100088E4D /* Sources */,
				EF74A5AC1448860100088E4D /* Frameworks */,
				EF74A5AD1448860100088E4D /* Resources */,
			);
			buildRules = (
			);
			dependencies = (
			);
			name = iDare;
			productName = iDare;
			productReference = EF74A5AF1448860100088E4D /* iDare.app */;
			productType = "com.apple.product-type.application";
		};
/* End PBXNativeTarget section */

/* Begin PBXProject section */
		EF74A5A61448860100088E4D /* Project object */ = {
			isa = PBXProject;
			attributes = {
				LastUpgradeCheck = 0420;
			};
			buildConfigurationList = EF74A5A91448860100088E4D /* Build configuration list for PBXProject "iDare" */;
			compatibilityVersion = "Xcode 3.2";
			developmentRegion = English;
			hasScannedForEncodings = 0;
			knownRegions = (
				en,
				English,
			);
			mainGroup = EF74A5A41448860100088E4D;
			productRefGroup = EF74A5B01448860100088E4D /* Products */;
			projectDirPath = "";
			projectRoot = "";
			targets = (
				EF74A5AE1448860100088E4D /* iDare */,
			);
		};
/* End PBXProject section */

/* Begin PBXResourcesBuildPhase section */
		EF74A5AD1448860100088E4D /* Resources */ = {
			isa = PBXResourcesBuildPhase;
			buildActionMask = 2147483647;
			files = (
				EF74A5BE1448860100088E4D /* InfoPlist.strings in Resources */,
				EF74A5D01448860100088E4D /* MasterViewController.xib in Resources */,
				EF74A5D31448860100088E4D /* DetailViewController.xib in Resources */,
				EF74A5DD1448864700088E4D /* MasterViewCell.xib in Resources */,
				EF74A5E614488DFA00088E4D /* CreateDareViewController.xib in Resources */,
				EF5F22CD1448B62800312E74 /* FBDialog.bundle in Resources */,
				EFA4E86F1448BC5800F5FCAA /* blackArrow.png in Resources */,
				EFA4E8701448BC5800F5FCAA /* blackArrow@2x.png in Resources */,
				EFA4E8711448BC5800F5FCAA /* blueArrow.png in Resources */,
				EFA4E8721448BC5800F5FCAA /* blueArrow@2x.png in Resources */,
				EFA4E8731448BC5800F5FCAA /* grayArrow.png in Resources */,
				EFA4E8741448BC5800F5FCAA /* grayArrow@2x.png in Resources */,
				EFA4E8751448BC5800F5FCAA /* whiteArrow.png in Resources */,
				EFA4E8761448BC5800F5FCAA /* whiteArrow@2x.png in Resources */,
				EF830F381449898E002D84EB /* .gitignore in Resources */,
				EF830F3E1449898E002D84EB /* MKStoreKitConfigs.plist in Resources */,
				EF830F411449898E002D84EB /* README.mdown in Resources */,
				EF830F421449898E002D84EB /* AddDevice.html in Resources */,
				EF830F431449898E002D84EB /* DBSetup.sql in Resources */,
				EF830F441449898E002D84EB /* featureCheck.php in Resources */,
				EF830F451449898E002D84EB /* requestAccess.php in Resources */,
				EF830F461449898E002D84EB /* verifyProduct.php in Resources */,
				EF830F5414499A4C002D84EB /* LoginViewController.xib in Resources */,
				EFA208E81449BA13001947BD /* README-GHUnit in Resources */,
				EFA208EB1449C717001947BD /* bg.png in Resources */,
				EFA208EC1449C717001947BD /* default.png in Resources */,
				EFA208F51449C886001947BD /* nav.png in Resources */,
				EFA208F81449CF58001947BD /* login.png in Resources */,
				EFA208F91449CF58001947BD /* create.png in Resources */,
			);
			runOnlyForDeploymentPostprocessing = 0;
		};
/* End PBXResourcesBuildPhase section */

/* Begin PBXSourcesBuildPhase section */
		EF74A5AB1448860100088E4D /* Sources */ = {
			isa = PBXSourcesBuildPhase;
			buildActionMask = 2147483647;
			files = (
				EF74A5C01448860100088E4D /* main.m in Sources */,
				EF74A5C41448860100088E4D /* AppDelegate.m in Sources */,
				EF74A5CA1448860100088E4D /* MasterViewController.m in Sources */,
				EF74A5CD1448860100088E4D /* DetailViewController.m in Sources */,
				EF74A5DB1448863500088E4D /* MasterViewCell.m in Sources */,
				EF74A5E514488DFA00088E4D /* CreateDareViewController.m in Sources */,
				EF5F22CC1448B62800312E74 /* Facebook.m in Sources */,
				EF5F22CE1448B62800312E74 /* FBDialog.m in Sources */,
				EF5F22CF1448B62800312E74 /* FBLoginDialog.m in Sources */,
				EF5F22D01448B62800312E74 /* FBRequest.m in Sources */,
				EF5F22D11448B62800312E74 /* NSObject+SBJSON.m in Sources */,
				EF5F22D21448B62800312E74 /* NSString+SBJSON.m in Sources */,
				EF5F22D31448B62800312E74 /* SBJSON.m in Sources */,
				EF5F22D41448B62800312E74 /* SBJsonBase.m in Sources */,
				EF5F22D51448B62800312E74 /* SBJsonParser.m in Sources */,
				EF5F22D61448B62800312E74 /* SBJsonWriter.m in Sources */,
				EFA4E86E1448BC5800F5FCAA /* EGORefreshTableHeaderView.m in Sources */,
				EF830F391449898E002D84EB /* JSONKit.m in Sources */,
				EF830F3A1449898E002D84EB /* NSData+Base64.m in Sources */,
				EF830F3B1449898E002D84EB /* SFHFKeychainUtils.m in Sources */,
				EF830F3C1449898E002D84EB /* MKSKProduct.m in Sources */,
				EF830F3D1449898E002D84EB /* MKSKSubscriptionProduct.m in Sources */,
				EF830F3F1449898E002D84EB /* MKStoreManager.m in Sources */,
				EF830F401449898E002D84EB /* MKStoreObserver.m in Sources */,
				EF830F5314499A4C002D84EB /* LoginViewController.m in Sources */,
				EFA208B01449B756001947BD /* ASIAuthenticationDialog.m in Sources */,
				EFA208B11449B756001947BD /* ASIDataCompressor.m in Sources */,
				EFA208B21449B756001947BD /* ASIDataDecompressor.m in Sources */,
				EFA208B31449B756001947BD /* ASIDownloadCache.m in Sources */,
				EFA208B41449B756001947BD /* ASIFormDataRequest.m in Sources */,
				EFA208B51449B756001947BD /* ASIHTTPRequest.m in Sources */,
				EFA208B61449B756001947BD /* ASIInputStream.m in Sources */,
				EFA208B71449B756001947BD /* ASINetworkQueue.m in Sources */,
				EFA208B81449B756001947BD /* ASIWebPageRequest.m in Sources */,
				EFA208B91449B756001947BD /* ASICloudFilesCDNRequest.m in Sources */,
				EFA208BA1449B756001947BD /* ASICloudFilesContainer.m in Sources */,
				EFA208BB1449B756001947BD /* ASICloudFilesContainerRequest.m in Sources */,
				EFA208BC1449B756001947BD /* ASICloudFilesContainerXMLParserDelegate.m in Sources */,
				EFA208BD1449B756001947BD /* ASICloudFilesObject.m in Sources */,
				EFA208BE1449B756001947BD /* ASICloudFilesObjectRequest.m in Sources */,
				EFA208BF1449B756001947BD /* ASICloudFilesRequest.m in Sources */,
				EFA208C01449B756001947BD /* ASIS3Bucket.m in Sources */,
				EFA208C11449B756001947BD /* ASIS3BucketObject.m in Sources */,
				EFA208C21449B756001947BD /* ASIS3BucketRequest.m in Sources */,
				EFA208C31449B756001947BD /* ASIS3ObjectRequest.m in Sources */,
				EFA208C41449B756001947BD /* ASIS3Request.m in Sources */,
				EFA208C51449B756001947BD /* ASIS3ServiceRequest.m in Sources */,
				EFA208E11449B92F001947BD /* Reachability.m in Sources */,
				EFA208F31449C87E001947BD /* NavBarCategory.m in Sources */,
			);
			runOnlyForDeploymentPostprocessing = 0;
		};
/* End PBXSourcesBuildPhase section */

/* Begin PBXVariantGroup section */
		EF74A5BC1448860100088E4D /* InfoPlist.strings */ = {
			isa = PBXVariantGroup;
			children = (
				EF74A5BD1448860100088E4D /* en */,
			);
			name = InfoPlist.strings;
			sourceTree = "<group>";
		};
		EF74A5CE1448860100088E4D /* MasterViewController.xib */ = {
			isa = PBXVariantGroup;
			children = (
				EF74A5CF1448860100088E4D /* en */,
			);
			name = MasterViewController.xib;
			sourceTree = "<group>";
		};
		EF74A5D11448860100088E4D /* DetailViewController.xib */ = {
			isa = PBXVariantGroup;
			children = (
				EF74A5D21448860100088E4D /* en */,
			);
			name = DetailViewController.xib;
			sourceTree = "<group>";
		};
/* End PBXVariantGroup section */

/* Begin XCBuildConfiguration section */
		EF74A5D41448860100088E4D /* Debug */ = {
			isa = XCBuildConfiguration;
			buildSettings = {
				ALWAYS_SEARCH_USER_PATHS = NO;
				ARCHS = "$(ARCHS_STANDARD_32_BIT)";
				CLANG_ENABLE_OBJC_ARC = YES;
				"CODE_SIGN_IDENTITY[sdk=iphoneos*]" = "iPhone Developer";
				COPY_PHASE_STRIP = NO;
				GCC_C_LANGUAGE_STANDARD = gnu99;
				GCC_DYNAMIC_NO_PIC = NO;
				GCC_OPTIMIZATION_LEVEL = 0;
				GCC_PREPROCESSOR_DEFINITIONS = (
					"DEBUG=1",
					"$(inherited)",
				);
				GCC_SYMBOLS_PRIVATE_EXTERN = NO;
				GCC_VERSION = com.apple.compilers.llvm.clang.1_0;
				GCC_WARN_ABOUT_MISSING_PROTOTYPES = YES;
				GCC_WARN_ABOUT_RETURN_TYPE = YES;
				GCC_WARN_UNUSED_VARIABLE = YES;
				IPHONEOS_DEPLOYMENT_TARGET = 5.0;
				SDKROOT = iphoneos;
			};
			name = Debug;
		};
		EF74A5D51448860100088E4D /* Release */ = {
			isa = XCBuildConfiguration;
			buildSettings = {
				ALWAYS_SEARCH_USER_PATHS = NO;
				ARCHS = "$(ARCHS_STANDARD_32_BIT)";
				CLANG_ENABLE_OBJC_ARC = YES;
				"CODE_SIGN_IDENTITY[sdk=iphoneos*]" = "iPhone Developer";
				COPY_PHASE_STRIP = YES;
				GCC_C_LANGUAGE_STANDARD = gnu99;
				GCC_VERSION = com.apple.compilers.llvm.clang.1_0;
				GCC_WARN_ABOUT_MISSING_PROTOTYPES = YES;
				GCC_WARN_ABOUT_RETURN_TYPE = YES;
				GCC_WARN_UNUSED_VARIABLE = YES;
				IPHONEOS_DEPLOYMENT_TARGET = 5.0;
				OTHER_CFLAGS = "-DNS_BLOCK_ASSERTIONS=1";
				SDKROOT = iphoneos;
				VALIDATE_PRODUCT = YES;
			};
			name = Release;
		};
		EF74A5D71448860100088E4D /* Debug */ = {
			isa = XCBuildConfiguration;
			buildSettings = {
				CLANG_ENABLE_OBJC_ARC = NO;
				CODE_SIGN_IDENTITY = "iPhone Developer: Lee Heng Hong (T53AB93G9J)";
				"CODE_SIGN_IDENTITY[sdk=iphoneos*]" = "iPhone Developer: Lee Heng Hong (T53AB93G9J)";
				GCC_PRECOMPILE_PREFIX_HEADER = YES;
				GCC_PREFIX_HEADER = "iDare/iDare-Prefix.pch";
				HEADER_SEARCH_PATHS = /usr/include/libxml2;
				INFOPLIST_FILE = "iDare/iDare-Info.plist";
				PRODUCT_NAME = "$(TARGET_NAME)";
				PROVISIONING_PROFILE = "1212D5B2-1242-4FC5-A5E6-4FE676B99826";
				"PROVISIONING_PROFILE[sdk=iphoneos*]" = "1212D5B2-1242-4FC5-A5E6-4FE676B99826";
				WRAPPER_EXTENSION = app;
			};
			name = Debug;
		};
		EF74A5D81448860100088E4D /* Release */ = {
			isa = XCBuildConfiguration;
			buildSettings = {
				CLANG_ENABLE_OBJC_ARC = NO;
				CODE_SIGN_IDENTITY = "iPhone Developer: Lee Heng Hong (T53AB93G9J)";
				"CODE_SIGN_IDENTITY[sdk=iphoneos*]" = "iPhone Developer: Lee Heng Hong (T53AB93G9J)";
				GCC_PRECOMPILE_PREFIX_HEADER = YES;
				GCC_PREFIX_HEADER = "iDare/iDare-Prefix.pch";
				HEADER_SEARCH_PATHS = /usr/include/libxml2;
				INFOPLIST_FILE = "iDare/iDare-Info.plist";
				PRODUCT_NAME = "$(TARGET_NAME)";
				PROVISIONING_PROFILE = "1212D5B2-1242-4FC5-A5E6-4FE676B99826";
				"PROVISIONING_PROFILE[sdk=iphoneos*]" = "1212D5B2-1242-4FC5-A5E6-4FE676B99826";
				WRAPPER_EXTENSION = app;
			};
			name = Release;
		};
/* End XCBuildConfiguration section */

/* Begin XCConfigurationList section */
		EF74A5A91448860100088E4D /* Build configuration list for PBXProject "iDare" */ = {
			isa = XCConfigurationList;
			buildConfigurations = (
				EF74A5D41448860100088E4D /* Debug */,
				EF74A5D51448860100088E4D /* Release */,
			);
			defaultConfigurationIsVisible = 0;
			defaultConfigurationName = Release;
		};
		EF74A5D61448860100088E4D /* Build configuration list for PBXNativeTarget "iDare" */ = {
			isa = XCConfigurationList;
			buildConfigurations = (
				EF74A5D71448860100088E4D /* Debug */,
				EF74A5D81448860100088E4D /* Release */,
			);
			defaultConfigurationIsVisible = 0;
			defaultConfigurationName = Release;
		};
/* End XCConfigurationList section */
	};
	rootObject = EF74A5A61448860100088E4D /* Project object */;
}
